
Microsoft Visual Studio Solution File, Format Version 12.00
# Visual Studio 2012
Project("{FAE04EC0-301F-11D3-BF4B-00C04F79EFBC}") = "PluralSightTutorial", "PluralSightTutorial\PluralSightTutorial.csproj", "{D1C211DD-1B5E-4BEC-803D-F39C6E97A8F2}"
EndProject
Project("{FAE04EC0-301F-11D3-BF4B-00C04F79EFBC}") = "PluralSightTutorial.Droid", "Droid\PluralSightTutorial.Droid.csproj", "{3DF4BD4B-B65A-4F93-A30B-90A334241C36}"
EndProject
Project("{FAE04EC0-301F-11D3-BF4B-00C04F79EFBC}") = "PluralSightTutorial.iOS", "iOS\PluralSightTutorial.iOS.csproj", "{D862CF23-87AA-4F16-899F-EA14687E9472}"
EndProject
Project("{FAE04EC0-301F-11D3-BF4B-00C04F79EFBC}") = "PluralSightTutorial.UITests", "UITests\PluralSightTutorial.UITests.csproj", "{762BA0F8-9E8A-466A-843A-5F4999243659}"
EndProject
Global
	GlobalSection(SolutionConfigurationPlatforms) = preSolution
		Debug|Any CPU = Debug|Any CPU
		Release|Any CPU = Release|Any CPU
		Debug|iPhoneSimulator = Debug|iPhoneSimulator
		Release|iPhone = Release|iPhone
		Release|iPhoneSimulator = Release|iPhoneSimulator
		Debug|iPhone = Debug|iPhone
	EndGlobalSection
	GlobalSection(ProjectConfigurationPlatforms) = postSolution
		{D1C211DD-1B5E-4BEC-803D-F39C6E97A8F2}.Debug|Any CPU.ActiveCfg = Debug|Any CPU
		{D1C211DD-1B5E-4BEC-803D-F39C6E97A8F2}.Debug|Any CPU.Build.0 = Debug|Any CPU
		{D1C211DD-1B5E-4BEC-803D-F39C6E97A8F2}.Release|Any CPU.ActiveCfg = Release|Any CPU
		{D1C211DD-1B5E-4BEC-803D-F39C6E97A8F2}.Release|Any CPU.Build.0 = Release|Any CPU
		{D1C211DD-1B5E-4BEC-803D-F39C6E97A8F2}.Debug|iPhoneSimulator.ActiveCfg = Debug|Any CPU
		{D1C211DD-1B5E-4BEC-803D-F39C6E97A8F2}.Debug|iPhoneSimulator.Build.0 = Debug|Any CPU
		{D1C211DD-1B5E-4BEC-803D-F39C6E97A8F2}.Release|iPhone.ActiveCfg = Release|Any CPU
		{D1C211DD-1B5E-4BEC-803D-F39C6E97A8F2}.Release|iPhone.Build.0 = Release|Any CPU
		{D1C211DD-1B5E-4BEC-803D-F39C6E97A8F2}.Release|iPhoneSimulator.ActiveCfg = Release|Any CPU
		{D1C211DD-1B5E-4BEC-803D-F39C6E97A8F2}.Release|iPhoneSimulator.Build.0 = Release|Any CPU
		{D1C211DD-1B5E-4BEC-803D-F39C6E97A8F2}.Debug|iPhone.ActiveCfg = Debug|Any CPU
		{D1C211DD-1B5E-4BEC-803D-F39C6E97A8F2}.Debug|iPhone.Build.0 = Debug|Any CPU
		{3DF4BD4B-B65A-4F93-A30B-90A334241C36}.Debug|Any CPU.ActiveCfg = Debug|Any CPU
		{3DF4BD4B-B65A-4F93-A30B-90A334241C36}.Debug|Any CPU.Build.0 = Debug|Any CPU
		{3DF4BD4B-B65A-4F93-A30B-90A334241C36}.Release|Any CPU.ActiveCfg = Release|Any CPU
		{3DF4BD4B-B65A-4F93-A30B-90A334241C36}.Release|Any CPU.Build.0 = Release|Any CPU
		{3DF4BD4B-B65A-4F93-A30B-90A334241C36}.Debug|iPhoneSimulator.ActiveCfg = Debug|Any CPU
		{3DF4BD4B-B65A-4F93-A30B-90A334241C36}.Debug|iPhoneSimulator.Build.0 = Debug|Any CPU
		{3DF4BD4B-B65A-4F93-A30B-90A334241C36}.Release|iPhone.ActiveCfg = Release|Any CPU
		{3DF4BD4B-B65A-4F93-A30B-90A334241C36}.Release|iPhone.Build.0 = Release|Any CPU
		{3DF4BD4B-B65A-4F93-A30B-90A334241C36}.Release|iPhoneSimulator.ActiveCfg = Release|Any CPU
		{3DF4BD4B-B65A-4F93-A30B-90A334241C36}.Release|iPhoneSimulator.Build.0 = Release|Any CPU
		{3DF4BD4B-B65A-4F93-A30B-90A334241C36}.Debug|iPhone.ActiveCfg = Debug|Any CPU
		{3DF4BD4B-B65A-4F93-A30B-90A334241C36}.Debug|iPhone.Build.0 = Debug|Any CPU
		{D862CF23-87AA-4F16-899F-EA14687E9472}.Debug|Any CPU.ActiveCfg = Debug|iPhoneSimulator
		{D862CF23-87AA-4F16-899F-EA14687E9472}.Debug|Any CPU.Build.0 = Debug|iPhoneSimulator
		{D862CF23-87AA-4F16-899F-EA14687E9472}.Release|Any CPU.ActiveCfg = Release|iPhone
		{D862CF23-87AA-4F16-899F-EA14687E9472}.Release|Any CPU.Build.0 = Release|iPhone
		{D862CF23-87AA-4F16-899F-EA14687E9472}.Debug|iPhoneSimulator.ActiveCfg = Debug|iPhoneSimulator
		{D862CF23-87AA-4F16-899F-EA14687E9472}.Debug|iPhoneSimulator.Build.0 = Debug|iPhoneSimulator
		{D862CF23-87AA-4F16-899F-EA14687E9472}.Release|iPhone.ActiveCfg = Release|iPhone
		{D862CF23-87AA-4F16-899F-EA14687E9472}.Release|iPhone.Build.0 = Release|iPhone
		{D862CF23-87AA-4F16-899F-EA14687E9472}.Release|iPhoneSimulator.ActiveCfg = Release|iPhoneSimulator
		{D862CF23-87AA-4F16-899F-EA14687E9472}.Release|iPhoneSimulator.Build.0 = Release|iPhoneSimulator
		{D862CF23-87AA-4F16-899F-EA14687E9472}.Debug|iPhone.ActiveCfg = Debug|iPhone
		{D862CF23-87AA-4F16-899F-EA14687E9472}.Debug|iPhone.Build.0 = Debug|iPhone
		{762BA0F8-9E8A-466A-843A-5F4999243659}.Debug|Any CPU.ActiveCfg = Debug|Any CPU
		{762BA0F8-9E8A-466A-843A-5F4999243659}.Debug|Any CPU.Build.0 = Debug|Any CPU
		{762BA0F8-9E8A-466A-843A-5F4999243659}.Release|Any CPU.ActiveCfg = Release|Any CPU
		{762BA0F8-9E8A-466A-843A-5F4999243659}.Release|Any CPU.Build.0 = Release|Any CPU
		{762BA0F8-9E8A-466A-843A-5F4999243659}.Debug|iPhoneSimulator.ActiveCfg = Debug|Any CPU
		{762BA0F8-9E8A-466A-843A-5F4999243659}.Debug|iPhoneSimulator.Build.0 = Debug|Any CPU
		{762BA0F8-9E8A-466A-843A-5F4999243659}.Release|iPhone.ActiveCfg = Release|Any CPU
		{762BA0F8-9E8A-466A-843A-5F4999243659}.Release|iPhone.Build.0 = Release|Any CPU
		{762BA0F8-9E8A-466A-843A-5F4999243659}.Release|iPhoneSimulator.ActiveCfg = Release|Any CPU
		{762BA0F8-9E8A-466A-843A-5F4999243659}.Release|iPhoneSimulator.Build.0 = Release|Any CPU
		{762BA0F8-9E8A-466A-843A-5F4999243659}.Debug|iPhone.ActiveCfg = Debug|Any CPU
		{762BA0F8-9E8A-466A-843A-5F4999243659}.Debug|iPhone.Build.0 = Debug|Any CPU
	EndGlobalSection
EndGlobal
